schema: '2.0'
stages:
  data_ingestion:
    cmd: python src/data_ingestion.py
    deps:
    - path: src/data_ingestion.py
      hash: md5
      md5: f5b3e5e843c3bb4b6b9648fe7c52c73b
      size: 3537
    params:
      params.yaml:
        data_ingestion.test_size: 0.3
    outs:
    - path: data/raw
      hash: md5
      md5: 6c14fc5d4581715d0c084959eeff4b01.dir
      size: 479272
      nfiles: 2
  data_preprocessing:
    cmd: python src/data_preprocessing.py
    deps:
    - path: data/raw
      hash: md5
      md5: 6c14fc5d4581715d0c084959eeff4b01.dir
      size: 479272
      nfiles: 2
    - path: src/data_preprocessing.py
      hash: md5
      md5: 158130fa3ada2ed96ada460b539d42e9
      size: 3864
    outs:
    - path: data/interim
      hash: md5
      md5: 91d80631b72bc88148c9f0c49789af70.dir
      size: 257220
      nfiles: 2
  feature_engineering:
    cmd: python src/feature_engineering.py
    deps:
    - path: data/interim
      hash: md5
      md5: 91d80631b72bc88148c9f0c49789af70.dir
      size: 257220
      nfiles: 2
    - path: src/feature_engineering.py
      hash: md5
      md5: 4a13ddfdb0e368c7069eabe32de711a5
      size: 3797
    params:
      params.yaml:
        feature_engineering.max_features: 25
    outs:
    - path: data/processed
      hash: md5
      md5: fe1389f12227d9823c441d323e4709de.dir
      size: 600611
      nfiles: 2
  model_building:
    cmd: python src/model_building.py
    deps:
    - path: data/processed
      hash: md5
      md5: fe1389f12227d9823c441d323e4709de.dir
      size: 600611
      nfiles: 2
    - path: src/model_building.py
      hash: md5
      md5: dfc9e18e726177294b2dfa325b4a867e
      size: 4287
    params:
      params.yaml:
        model_building.n_estimators: 20
        model_building.random_state: 2
    outs:
    - path: models/model.pkl
      hash: md5
      md5: 35e9d08c3c483ebef8bf321fb40d977b
      size: 452491
  model_evaluation:
    cmd: python src/model_evaluation.py
    deps:
    - path: models/model.pkl
      hash: md5
      md5: 35e9d08c3c483ebef8bf321fb40d977b
      size: 452491
    - path: src/model_evaluation.py
      hash: md5
      md5: 2cf8dcf638f4c8be0ef73b39be27a45b
      size: 4498
    outs:
    - path: reports/metrics.json
      hash: md5
      md5: 01ce6131463cab1d6dc555a45dc56f3c
      size: 139
