schema: '2.0'
stages:
  data_ingestion:
    cmd: python src/data_ingestion.py
    deps:
    - path: src/data_ingestion.py
      hash: md5
      md5: f5b3e5e843c3bb4b6b9648fe7c52c73b
      size: 3537
    outs:
    - path: data/raw
      hash: md5
      md5: 6a4d11ab83c20d7412f4696595c0b4d1.dir
      size: 479272
      nfiles: 2
  data_preprocessing:
    cmd: python src/data_preprocessing.py
    deps:
    - path: data/raw
      hash: md5
      md5: 6a4d11ab83c20d7412f4696595c0b4d1.dir
      size: 479272
      nfiles: 2
    - path: src/data_preprocessing.py
      hash: md5
      md5: 158130fa3ada2ed96ada460b539d42e9
      size: 3864
    outs:
    - path: data/interim
      hash: md5
      md5: d3f80ea917209a657caed01201ee2780.dir
      size: 254818
      nfiles: 2
  feature_engineering:
    cmd: python src/feature_engineering.py
    deps:
    - path: data/interim
      hash: md5
      md5: d3f80ea917209a657caed01201ee2780.dir
      size: 254818
      nfiles: 2
    - path: src/feature_engineering.py
      hash: md5
      md5: 4a13ddfdb0e368c7069eabe32de711a5
      size: 3797
    outs:
    - path: data/processed
      hash: md5
      md5: e11dc9e7c5bf459233ca6c4954542306.dir
      size: 829495
      nfiles: 2
  model_building:
    cmd: python src/model_building.py
    deps:
    - path: data/processed
      hash: md5
      md5: e11dc9e7c5bf459233ca6c4954542306.dir
      size: 829495
      nfiles: 2
    - path: src/model_building.py
      hash: md5
      md5: dfc9e18e726177294b2dfa325b4a867e
      size: 4287
    outs:
    - path: models/model.pkl
      hash: md5
      md5: 26c7a367d904ead7198afc7abd66bd0b
      size: 720181
  model_evaluation:
    cmd: python src/model_evaluation.py
    deps:
    - path: models/model.pkl
      hash: md5
      md5: 26c7a367d904ead7198afc7abd66bd0b
      size: 720181
    - path: src/model_evaluation.py
      hash: md5
      md5: c329c10f38ccd9d183df57161215fe36
      size: 4507
    outs:
    - path: reports/metrics.json
      hash: md5
      md5: 531c3ea7884f3b816aa2476453253e64
      size: 140
